github.com/NarsilWorks-Inc/cmndatainfo v0.0.0-20250301043904-762b16aad448 h1:o6eoGUSUIM2OGMkmyfkatfyP2IqI2SwfrxrIvrZ+eUs=
github.com/NarsilWorks-Inc/cmndatainfo v0.0.0-20250301043904-762b16aad448/go.mod h1:g3zGVMUVLsVXV64+SaSvv6qD/hnD410VIchfjWZjC7k=
github.com/eaglebush/config v0.0.0-20241112071821-d764539c5f47 h1:oHVsx2R5OMHnCs+dhAj4HV96fn6Otvrkj+9QzqrFT1A=
github.com/eaglebush/config v0.0.0-20241112071821-d764539c5f47/go.mod h1:UkGigEfx+L8E6iSiy130RcUrBl3SV9DPbisdV212wf8=
